
Microsoft Visual Studio Solution File, Format Version 12.00
# Visual Studio Version 17
VisualStudioVersion = 17.9.34607.119
MinimumVisualStudioVersion = 10.0.40219.1
Project("{FAE04EC0-301F-11D3-BF4B-00C04F79EFBC}") = "RealEstatePay", "RealEstatePay\RealEstatePay.csproj", "{0757D245-8E93-4B41-B186-AD544974F4FE}"
EndProject
Global
	GlobalSection(SolutionConfigurationPlatforms) = preSolution
		Debug|Any CPU = Debug|Any CPU
		Release|Any CPU = Release|Any CPU
	EndGlobalSection
	GlobalSection(ProjectConfigurationPlatforms) = postSolution
		{0757D245-8E93-4B41-B186-AD544974F4FE}.Debug|Any CPU.ActiveCfg = Debug|Any CPU
		{0757D245-8E93-4B41-B186-AD544974F4FE}.Debug|Any CPU.Build.0 = Debug|Any CPU
		{0757D245-8E93-4B41-B186-AD544974F4FE}.Release|Any CPU.ActiveCfg = Release|Any CPU
		{0757D245-8E93-4B41-B186-AD544974F4FE}.Release|Any CPU.Build.0 = Release|Any CPU
	EndGlobalSection
	GlobalSection(SolutionProperties) = preSolution
		HideSolutionNode = FALSE
	EndGlobalSection
	GlobalSection(ExtensibilityGlobals) = postSolution
		SolutionGuid = {F7D25044-6DF9-4AB0-80FE-2DB1916FA367}
	EndGlobalSection
EndGlobal
